
Microsoft Visual Studio Solution File, Format Version 12.00
# Visual Studio 15
VisualStudioVersion = 15.0.28307.102
MinimumVisualStudioVersion = 10.0.40219.1
Project("{FAE04EC0-301F-11D3-BF4B-00C04F79EFBC}") = "qlt2", "qlt2\qlt2.csproj", "{A05BDF0B-08B3-4B0B-9E22-BB1EEBBCB150}"
EndProject
Global
	GlobalSection(SolutionConfigurationPlatforms) = preSolution
		Debug|Any CPU = Debug|Any CPU
		Release|Any CPU = Release|Any CPU
	EndGlobalSection
	GlobalSection(ProjectConfigurationPlatforms) = postSolution
		{A05BDF0B-08B3-4B0B-9E22-BB1EEBBCB150}.Debug|Any CPU.ActiveCfg = Debug|Any CPU
		{A05BDF0B-08B3-4B0B-9E22-BB1EEBBCB150}.Debug|Any CPU.Build.0 = Debug|Any CPU
		{A05BDF0B-08B3-4B0B-9E22-BB1EEBBCB150}.Release|Any CPU.ActiveCfg = Release|Any CPU
		{A05BDF0B-08B3-4B0B-9E22-BB1EEBBCB150}.Release|Any CPU.Build.0 = Release|Any CPU
	EndGlobalSection
	GlobalSection(SolutionProperties) = preSolution
		HideSolutionNode = FALSE
	EndGlobalSection
	GlobalSection(ExtensibilityGlobals) = postSolution
		SolutionGuid = {DF81B5B9-65D0-4992-A4DE-EDD6E732DBB1}
	EndGlobalSection
EndGlobal
